
Microsoft Visual Studio Solution File, Format Version 12.00
# Visual Studio Version 17
VisualStudioVersion = 17.0.31903.59
MinimumVisualStudioVersion = 10.0.40219.1
Project("{FAE04EC0-301F-11D3-BF4B-00C04F79EFBC}") = "API", "API\API.csproj", "{1559C915-D6FF-4089-949C-34B85EFBBD81}"
EndProject
Project("{FAE04EC0-301F-11D3-BF4B-00C04F79EFBC}") = "Application", "Application\Application.csproj", "{0A44C452-4FD8-480F-B201-DB02139DCF74}"
EndProject
Project("{FAE04EC0-301F-11D3-BF4B-00C04F79EFBC}") = "Domain", "Domain\Domain.csproj", "{106ADB6D-C95F-4851-A494-05F586A76535}"
EndProject
Project("{FAE04EC0-301F-11D3-BF4B-00C04F79EFBC}") = "Infrastructure", "Infrastructure\Infrastructure.csproj", "{BB4814DB-C12B-4E41-91DE-266E32ADC0A6}"
EndProject
Project("{FAE04EC0-301F-11D3-BF4B-00C04F79EFBC}") = "Tests", "Tests\Tests.csproj", "{4563C0AB-FBC9-4E35-A756-2E8B621843A2}"
EndProject
Global
	GlobalSection(SolutionConfigurationPlatforms) = preSolution
		Debug|Any CPU = Debug|Any CPU
		Debug|x64 = Debug|x64
		Debug|x86 = Debug|x86
		Release|Any CPU = Release|Any CPU
		Release|x64 = Release|x64
		Release|x86 = Release|x86
	EndGlobalSection
	GlobalSection(ProjectConfigurationPlatforms) = postSolution
		{1559C915-D6FF-4089-949C-34B85EFBBD81}.Debug|Any CPU.ActiveCfg = Debug|Any CPU
		{1559C915-D6FF-4089-949C-34B85EFBBD81}.Debug|Any CPU.Build.0 = Debug|Any CPU
		{1559C915-D6FF-4089-949C-34B85EFBBD81}.Debug|x64.ActiveCfg = Debug|Any CPU
		{1559C915-D6FF-4089-949C-34B85EFBBD81}.Debug|x64.Build.0 = Debug|Any CPU
		{1559C915-D6FF-4089-949C-34B85EFBBD81}.Debug|x86.ActiveCfg = Debug|Any CPU
		{1559C915-D6FF-4089-949C-34B85EFBBD81}.Debug|x86.Build.0 = Debug|Any CPU
		{1559C915-D6FF-4089-949C-34B85EFBBD81}.Release|Any CPU.ActiveCfg = Release|Any CPU
		{1559C915-D6FF-4089-949C-34B85EFBBD81}.Release|Any CPU.Build.0 = Release|Any CPU
		{1559C915-D6FF-4089-949C-34B85EFBBD81}.Release|x64.ActiveCfg = Release|Any CPU
		{1559C915-D6FF-4089-949C-34B85EFBBD81}.Release|x64.Build.0 = Release|Any CPU
		{1559C915-D6FF-4089-949C-34B85EFBBD81}.Release|x86.ActiveCfg = Release|Any CPU
		{1559C915-D6FF-4089-949C-34B85EFBBD81}.Release|x86.Build.0 = Release|Any CPU
		{0A44C452-4FD8-480F-B201-DB02139DCF74}.Debug|Any CPU.ActiveCfg = Debug|Any CPU
		{0A44C452-4FD8-480F-B201-DB02139DCF74}.Debug|Any CPU.Build.0 = Debug|Any CPU
		{0A44C452-4FD8-480F-B201-DB02139DCF74}.Debug|x64.ActiveCfg = Debug|Any CPU
		{0A44C452-4FD8-480F-B201-DB02139DCF74}.Debug|x64.Build.0 = Debug|Any CPU
		{0A44C452-4FD8-480F-B201-DB02139DCF74}.Debug|x86.ActiveCfg = Debug|Any CPU
		{0A44C452-4FD8-480F-B201-DB02139DCF74}.Debug|x86.Build.0 = Debug|Any CPU
		{0A44C452-4FD8-480F-B201-DB02139DCF74}.Release|Any CPU.ActiveCfg = Release|Any CPU
		{0A44C452-4FD8-480F-B201-DB02139DCF74}.Release|Any CPU.Build.0 = Release|Any CPU
		{0A44C452-4FD8-480F-B201-DB02139DCF74}.Release|x64.ActiveCfg = Release|Any CPU
		{0A44C452-4FD8-480F-B201-DB02139DCF74}.Release|x64.Build.0 = Release|Any CPU
		{0A44C452-4FD8-480F-B201-DB02139DCF74}.Release|x86.ActiveCfg = Release|Any CPU
		{0A44C452-4FD8-480F-B201-DB02139DCF74}.Release|x86.Build.0 = Release|Any CPU
		{106ADB6D-C95F-4851-A494-05F586A76535}.Debug|Any CPU.ActiveCfg = Debug|Any CPU
		{106ADB6D-C95F-4851-A494-05F586A76535}.Debug|Any CPU.Build.0 = Debug|Any CPU
		{106ADB6D-C95F-4851-A494-05F586A76535}.Debug|x64.ActiveCfg = Debug|Any CPU
		{106ADB6D-C95F-4851-A494-05F586A76535}.Debug|x64.Build.0 = Debug|Any CPU
		{106ADB6D-C95F-4851-A494-05F586A76535}.Debug|x86.ActiveCfg = Debug|Any CPU
		{106ADB6D-C95F-4851-A494-05F586A76535}.Debug|x86.Build.0 = Debug|Any CPU
		{106ADB6D-C95F-4851-A494-05F586A76535}.Release|Any CPU.ActiveCfg = Release|Any CPU
		{106ADB6D-C95F-4851-A494-05F586A76535}.Release|Any CPU.Build.0 = Release|Any CPU
		{106ADB6D-C95F-4851-A494-05F586A76535}.Release|x64.ActiveCfg = Release|Any CPU
		{106ADB6D-C95F-4851-A494-05F586A76535}.Release|x64.Build.0 = Release|Any CPU
		{106ADB6D-C95F-4851-A494-05F586A76535}.Release|x86.ActiveCfg = Release|Any CPU
		{106ADB6D-C95F-4851-A494-05F586A76535}.Release|x86.Build.0 = Release|Any CPU
		{BB4814DB-C12B-4E41-91DE-266E32ADC0A6}.Debug|Any CPU.ActiveCfg = Debug|Any CPU
		{BB4814DB-C12B-4E41-91DE-266E32ADC0A6}.Debug|Any CPU.Build.0 = Debug|Any CPU
		{BB4814DB-C12B-4E41-91DE-266E32ADC0A6}.Debug|x64.ActiveCfg = Debug|Any CPU
		{BB4814DB-C12B-4E41-91DE-266E32ADC0A6}.Debug|x64.Build.0 = Debug|Any CPU
		{BB4814DB-C12B-4E41-91DE-266E32ADC0A6}.Debug|x86.ActiveCfg = Debug|Any CPU
		{BB4814DB-C12B-4E41-91DE-266E32ADC0A6}.Debug|x86.Build.0 = Debug|Any CPU
		{BB4814DB-C12B-4E41-91DE-266E32ADC0A6}.Release|Any CPU.ActiveCfg = Release|Any CPU
		{BB4814DB-C12B-4E41-91DE-266E32ADC0A6}.Release|Any CPU.Build.0 = Release|Any CPU
		{BB4814DB-C12B-4E41-91DE-266E32ADC0A6}.Release|x64.ActiveCfg = Release|Any CPU
		{BB4814DB-C12B-4E41-91DE-266E32ADC0A6}.Release|x64.Build.0 = Release|Any CPU
		{BB4814DB-C12B-4E41-91DE-266E32ADC0A6}.Release|x86.ActiveCfg = Release|Any CPU
		{BB4814DB-C12B-4E41-91DE-266E32ADC0A6}.Release|x86.Build.0 = Release|Any CPU
		{4563C0AB-FBC9-4E35-A756-2E8B621843A2}.Debug|Any CPU.ActiveCfg = Debug|Any CPU
		{4563C0AB-FBC9-4E35-A756-2E8B621843A2}.Debug|Any CPU.Build.0 = Debug|Any CPU
		{4563C0AB-FBC9-4E35-A756-2E8B621843A2}.Debug|x64.ActiveCfg = Debug|Any CPU
		{4563C0AB-FBC9-4E35-A756-2E8B621843A2}.Debug|x64.Build.0 = Debug|Any CPU
		{4563C0AB-FBC9-4E35-A756-2E8B621843A2}.Debug|x86.ActiveCfg = Debug|Any CPU
		{4563C0AB-FBC9-4E35-A756-2E8B621843A2}.Debug|x86.Build.0 = Debug|Any CPU
		{4563C0AB-FBC9-4E35-A756-2E8B621843A2}.Release|Any CPU.ActiveCfg = Release|Any CPU
		{4563C0AB-FBC9-4E35-A756-2E8B621843A2}.Release|Any CPU.Build.0 = Release|Any CPU
		{4563C0AB-FBC9-4E35-A756-2E8B621843A2}.Release|x64.ActiveCfg = Release|Any CPU
		{4563C0AB-FBC9-4E35-A756-2E8B621843A2}.Release|x64.Build.0 = Release|Any CPU
		{4563C0AB-FBC9-4E35-A756-2E8B621843A2}.Release|x86.ActiveCfg = Release|Any CPU
		{4563C0AB-FBC9-4E35-A756-2E8B621843A2}.Release|x86.Build.0 = Release|Any CPU
	EndGlobalSection
	GlobalSection(SolutionProperties) = preSolution
		HideSolutionNode = FALSE
	EndGlobalSection
EndGlobal
